{
  "version": 4,
  "terraform_version": "1.10.2",
  "serial": 38,
  "lineage": "48dacef7-115a-fb2f-a7ce-2202fc625b45",
  "outputs": {
    "load_balancer_ip": {
      "value": [
        {
          "address": "130.193.58.32",
          "ip_version": "ipv4"
        }
      ],
      "type": [
        "set",
        [
          "object",
          {
            "address": "string",
            "ip_version": "string"
          }
        ]
      ]
    },
    "vm_external_ips": {
      "value": [
        "89.169.159.163",
        "51.250.79.35"
      ],
      "type": [
        "tuple",
        [
          "string",
          "string"
        ]
      ]
    }
  },
  "resources": [
    {
      "mode": "managed",
      "type": "yandex_compute_instance",
      "name": "vm",
      "provider": "provider[\"registry.terraform.io/yandex-cloud/yandex\"]",
      "instances": [
        {
          "index_key": 0,
          "schema_version": 1,
          "attributes": {
            "allow_recreate": null,
            "allow_stopping_for_update": null,
            "boot_disk": [
              {
                "auto_delete": true,
                "device_name": "fhmn64leo4s6ughckk73",
                "disk_id": "fhmn64leo4s6ughckk73",
                "initialize_params": [
                  {
                    "block_size": 4096,
                    "description": "",
                    "image_id": "fd876gids9srs8ma0592",
                    "name": "",
                    "size": 8,
                    "snapshot_id": "",
                    "type": "network-hdd"
                  }
                ],
                "mode": "READ_WRITE"
              }
            ],
            "created_at": "2025-01-16T16:31:26Z",
            "description": "",
            "filesystem": [],
            "folder_id": "b1g9fkgcb4m0n7vhc475",
            "fqdn": "fhm0gbv7c4jm60bmuckf.auto.internal",
            "gpu_cluster_id": "",
            "hardware_generation": [
              {
                "generation2_features": [],
                "legacy_features": [
                  {
                    "pci_topology": "PCI_TOPOLOGY_V1"
                  }
                ]
              }
            ],
            "hostname": "",
            "id": "fhm0gbv7c4jm60bmuckf",
            "labels": {},
            "local_disk": [],
            "maintenance_grace_period": "",
            "maintenance_policy": null,
            "metadata": {
              "ssh-keys": "user:ssh-rsa AAAAB3NzaC1yc2EAAAADAQABAAACAQDGcuHl4wiSR3XkteniWArwBQ2r/lAsfqIZUMCDM6tqPtBFC0wq/Fsp2Sb1YxVvs2Ke0clgwHrD4WhhLK9Y8b2Wdtu1EFRtN/iKVzKmyotmccBDC/qVn8uHVFQCNbgySDjIuKSaoGNEnpElTS3sH0IRslLNddmhleZ3zWqLPwWw4aS+Ld0n3utteF9fgedT3Z5VbvWWmHv5ML56ndVL+j7DbGEuJTxvO4nnbwloJiz5yGuY/ZniIKMY4uVI/++UduEOL1jZuJeTN4kAw3C1Xx4qJSgdLh35ykBnGRqUtn2nKOqUA1k81X8bg3DqzRHKLtNFGlvNbghzz3zCwMDqJXldUaFS7gzvowLDyqcPCEVdZV1fi4dkO9cz7bAOKxV/bPV4rS/3swqEjnF8MnhP14kHQ82mTt7/ea3JqeDUngfJHo0rZmBp175NoUxncLeL6/b5DEaS8hxB1igD4yhYVS7oURVxij+o4jBBlmEBy+x5MfIeutcruOaDVB5vVzXXjZC5jt+MFDyRgPgAznewGcGLtZ9ZiU/veE/j4kjslQLqFtdDPXUAxMbfYVaCU7f1E3cLnyeOB5984do8vJlfS4jf1Hg08p4IWa/912WTSN7peUm+Ru+uu+zqKboB1zwjIC6M1ruaIdACHMWwwgujmOC60CaRGHTE8FY9s/Lc+fq7dw== pf@Mac-mini.local\n",
              "user-data": "#cloud-config\npackages:\n  - nginx\nruncmd:\n  - systemctl start nginx\n  - systemctl enable nginx\n"
            },
            "metadata_options": [
              {
                "aws_v1_http_endpoint": 1,
                "aws_v1_http_token": 2,
                "gce_http_endpoint": 1,
                "gce_http_token": 1
              }
            ],
            "name": "example-vm-0",
            "network_acceleration_type": "standard",
            "network_interface": [
              {
                "dns_record": [],
                "index": 0,
                "ip_address": "192.168.100.18",
                "ipv4": true,
                "ipv6": false,
                "ipv6_address": "",
                "ipv6_dns_record": [],
                "mac_address": "d0:0d:82:fe:76:12",
                "nat": true,
                "nat_dns_record": [],
                "nat_ip_address": "89.169.159.163",
                "nat_ip_version": "IPV4",
                "security_group_ids": [],
                "subnet_id": "e9bc37d9qf1k8ag63p42"
              }
            ],
            "placement_policy": [
              {
                "host_affinity_rules": [],
                "placement_group_id": "",
                "placement_group_partition": 0
              }
            ],
            "platform_id": "standard-v2",
            "resources": [
              {
                "core_fraction": 100,
                "cores": 2,
                "gpus": 0,
                "memory": 2
              }
            ],
            "scheduling_policy": [
              {
                "preemptible": false
              }
            ],
            "secondary_disk": [],
            "service_account_id": "",
            "status": "running",
            "timeouts": null,
            "zone": "ru-central1-a"
          },
          "sensitive_attributes": [],
          "private": "eyJlMmJmYjczMC1lY2FhLTExZTYtOGY4OC0zNDM2M2JjN2M0YzAiOnsiY3JlYXRlIjozMDAwMDAwMDAwMDAsImRlbGV0ZSI6MzAwMDAwMDAwMDAwLCJ1cGRhdGUiOjMwMDAwMDAwMDAwMH0sInNjaGVtYV92ZXJzaW9uIjoiMSJ9",
          "dependencies": [
            "yandex_vpc_network.network-1",
            "yandex_vpc_subnet.subnet-1"
          ]
        },
        {
          "index_key": 1,
          "schema_version": 1,
          "attributes": {
            "allow_recreate": null,
            "allow_stopping_for_update": null,
            "boot_disk": [
              {
                "auto_delete": true,
                "device_name": "fhmgdb3lupalu0b67hmq",
                "disk_id": "fhmgdb3lupalu0b67hmq",
                "initialize_params": [
                  {
                    "block_size": 4096,
                    "description": "",
                    "image_id": "fd876gids9srs8ma0592",
                    "name": "",
                    "size": 8,
                    "snapshot_id": "",
                    "type": "network-hdd"
                  }
                ],
                "mode": "READ_WRITE"
              }
            ],
            "created_at": "2025-01-16T16:31:26Z",
            "description": "",
            "filesystem": [],
            "folder_id": "b1g9fkgcb4m0n7vhc475",
            "fqdn": "fhmdridvp5n9fn4i8v01.auto.internal",
            "gpu_cluster_id": "",
            "hardware_generation": [
              {
                "generation2_features": [],
                "legacy_features": [
                  {
                    "pci_topology": "PCI_TOPOLOGY_V1"
                  }
                ]
              }
            ],
            "hostname": "",
            "id": "fhmdridvp5n9fn4i8v01",
            "labels": {},
            "local_disk": [],
            "maintenance_grace_period": "",
            "maintenance_policy": null,
            "metadata": {
              "ssh-keys": "user:ssh-rsa AAAAB3NzaC1yc2EAAAADAQABAAACAQDGcuHl4wiSR3XkteniWArwBQ2r/lAsfqIZUMCDM6tqPtBFC0wq/Fsp2Sb1YxVvs2Ke0clgwHrD4WhhLK9Y8b2Wdtu1EFRtN/iKVzKmyotmccBDC/qVn8uHVFQCNbgySDjIuKSaoGNEnpElTS3sH0IRslLNddmhleZ3zWqLPwWw4aS+Ld0n3utteF9fgedT3Z5VbvWWmHv5ML56ndVL+j7DbGEuJTxvO4nnbwloJiz5yGuY/ZniIKMY4uVI/++UduEOL1jZuJeTN4kAw3C1Xx4qJSgdLh35ykBnGRqUtn2nKOqUA1k81X8bg3DqzRHKLtNFGlvNbghzz3zCwMDqJXldUaFS7gzvowLDyqcPCEVdZV1fi4dkO9cz7bAOKxV/bPV4rS/3swqEjnF8MnhP14kHQ82mTt7/ea3JqeDUngfJHo0rZmBp175NoUxncLeL6/b5DEaS8hxB1igD4yhYVS7oURVxij+o4jBBlmEBy+x5MfIeutcruOaDVB5vVzXXjZC5jt+MFDyRgPgAznewGcGLtZ9ZiU/veE/j4kjslQLqFtdDPXUAxMbfYVaCU7f1E3cLnyeOB5984do8vJlfS4jf1Hg08p4IWa/912WTSN7peUm+Ru+uu+zqKboB1zwjIC6M1ruaIdACHMWwwgujmOC60CaRGHTE8FY9s/Lc+fq7dw== pf@Mac-mini.local\n",
              "user-data": "#cloud-config\npackages:\n  - nginx\nruncmd:\n  - systemctl start nginx\n  - systemctl enable nginx\n"
            },
            "metadata_options": [
              {
                "aws_v1_http_endpoint": 1,
                "aws_v1_http_token": 2,
                "gce_http_endpoint": 1,
                "gce_http_token": 1
              }
            ],
            "name": "example-vm-1",
            "network_acceleration_type": "standard",
            "network_interface": [
              {
                "dns_record": [],
                "index": 0,
                "ip_address": "192.168.100.28",
                "ipv4": true,
                "ipv6": false,
                "ipv6_address": "",
                "ipv6_dns_record": [],
                "mac_address": "d0:0d:dd:c9:bf:c9",
                "nat": true,
                "nat_dns_record": [],
                "nat_ip_address": "51.250.79.35",
                "nat_ip_version": "IPV4",
                "security_group_ids": [],
                "subnet_id": "e9bc37d9qf1k8ag63p42"
              }
            ],
            "placement_policy": [
              {
                "host_affinity_rules": [],
                "placement_group_id": "",
                "placement_group_partition": 0
              }
            ],
            "platform_id": "standard-v2",
            "resources": [
              {
                "core_fraction": 100,
                "cores": 2,
                "gpus": 0,
                "memory": 2
              }
            ],
            "scheduling_policy": [
              {
                "preemptible": false
              }
            ],
            "secondary_disk": [],
            "service_account_id": "",
            "status": "running",
            "timeouts": null,
            "zone": "ru-central1-a"
          },
          "sensitive_attributes": [],
          "private": "eyJlMmJmYjczMC1lY2FhLTExZTYtOGY4OC0zNDM2M2JjN2M0YzAiOnsiY3JlYXRlIjozMDAwMDAwMDAwMDAsImRlbGV0ZSI6MzAwMDAwMDAwMDAwLCJ1cGRhdGUiOjMwMDAwMDAwMDAwMH0sInNjaGVtYV92ZXJzaW9uIjoiMSJ9",
          "dependencies": [
            "yandex_vpc_network.network-1",
            "yandex_vpc_subnet.subnet-1"
          ]
        }
      ]
    },
    {
      "mode": "managed",
      "type": "yandex_lb_network_load_balancer",
      "name": "example",
      "provider": "provider[\"registry.terraform.io/yandex-cloud/yandex\"]",
      "instances": [
        {
          "schema_version": 0,
          "attributes": {
            "attached_target_group": [
              {
                "healthcheck": [
                  {
                    "healthy_threshold": 2,
                    "http_options": [
                      {
                        "path": "/",
                        "port": 80
                      }
                    ],
                    "interval": 2,
                    "name": "http",
                    "tcp_options": [],
                    "timeout": 1,
                    "unhealthy_threshold": 2
                  }
                ],
                "target_group_id": "enpep6vf58kgrf72ubsm"
              }
            ],
            "created_at": "2025-01-16T16:32:43Z",
            "deletion_protection": false,
            "description": "",
            "folder_id": "b1g9fkgcb4m0n7vhc475",
            "id": "enpgv1shbk285vm84b33",
            "labels": null,
            "listener": [
              {
                "external_address_spec": [
                  {
                    "address": "130.193.58.32",
                    "ip_version": "ipv4"
                  }
                ],
                "internal_address_spec": [],
                "name": "my-listener",
                "port": 80,
                "protocol": "tcp",
                "target_port": 80
              }
            ],
            "name": "example-nlb",
            "region_id": "ru-central1",
            "timeouts": null,
            "type": "external"
          },
          "sensitive_attributes": [],
          "private": "eyJlMmJmYjczMC1lY2FhLTExZTYtOGY4OC0zNDM2M2JjN2M0YzAiOnsiY3JlYXRlIjozMDAwMDAwMDAwMDAsImRlbGV0ZSI6MzAwMDAwMDAwMDAwLCJ1cGRhdGUiOjMwMDAwMDAwMDAwMH19",
          "dependencies": [
            "yandex_compute_instance.vm",
            "yandex_lb_target_group.example",
            "yandex_vpc_network.network-1",
            "yandex_vpc_subnet.subnet-1"
          ]
        }
      ]
    },
    {
      "mode": "managed",
      "type": "yandex_lb_target_group",
      "name": "example",
      "provider": "provider[\"registry.terraform.io/yandex-cloud/yandex\"]",
      "instances": [
        {
          "schema_version": 0,
          "attributes": {
            "created_at": "2025-01-16T16:32:41Z",
            "description": "",
            "folder_id": "b1g9fkgcb4m0n7vhc475",
            "id": "enpep6vf58kgrf72ubsm",
            "labels": null,
            "name": "example-target-group",
            "region_id": "ru-central1",
            "target": [
              {
                "address": "192.168.100.18",
                "subnet_id": "e9bc37d9qf1k8ag63p42"
              },
              {
                "address": "192.168.100.28",
                "subnet_id": "e9bc37d9qf1k8ag63p42"
              }
            ],
            "timeouts": null
          },
          "sensitive_attributes": [],
          "private": "eyJlMmJmYjczMC1lY2FhLTExZTYtOGY4OC0zNDM2M2JjN2M0YzAiOnsiY3JlYXRlIjozMDAwMDAwMDAwMDAsImRlbGV0ZSI6MzAwMDAwMDAwMDAwLCJ1cGRhdGUiOjMwMDAwMDAwMDAwMH19",
          "dependencies": [
            "yandex_compute_instance.vm",
            "yandex_vpc_network.network-1",
            "yandex_vpc_subnet.subnet-1"
          ]
        }
      ]
    },
    {
      "mode": "managed",
      "type": "yandex_vpc_network",
      "name": "network-1",
      "provider": "provider[\"registry.terraform.io/yandex-cloud/yandex\"]",
      "instances": [
        {
          "schema_version": 0,
          "attributes": {
            "created_at": "2025-01-16T16:10:41Z",
            "default_security_group_id": "enp49m1stne6utka3vcb",
            "description": "",
            "folder_id": "b1g9fkgcb4m0n7vhc475",
            "id": "enpes2gt17vil43mfo26",
            "labels": {},
            "name": "new-network",
            "subnet_ids": [
              "e9bc37d9qf1k8ag63p42"
            ],
            "timeouts": null
          },
          "sensitive_attributes": [],
          "private": "eyJlMmJmYjczMC1lY2FhLTExZTYtOGY4OC0zNDM2M2JjN2M0YzAiOnsiY3JlYXRlIjo2MDAwMDAwMDAwMCwiZGVsZXRlIjo2MDAwMDAwMDAwMCwidXBkYXRlIjo2MDAwMDAwMDAwMH19"
        }
      ]
    },
    {
      "mode": "managed",
      "type": "yandex_vpc_subnet",
      "name": "subnet-1",
      "provider": "provider[\"registry.terraform.io/yandex-cloud/yandex\"]",
      "instances": [
        {
          "schema_version": 0,
          "attributes": {
            "created_at": "2025-01-16T16:30:44Z",
            "description": "",
            "dhcp_options": [],
            "folder_id": "b1g9fkgcb4m0n7vhc475",
            "id": "e9bc37d9qf1k8ag63p42",
            "labels": {},
            "name": "new-subnet",
            "network_id": "enpes2gt17vil43mfo26",
            "route_table_id": "",
            "timeouts": null,
            "v4_cidr_blocks": [
              "192.168.100.0/24"
            ],
            "v6_cidr_blocks": [],
            "zone": "ru-central1-a"
          },
          "sensitive_attributes": [],
          "private": "eyJlMmJmYjczMC1lY2FhLTExZTYtOGY4OC0zNDM2M2JjN2M0YzAiOnsiY3JlYXRlIjoxODAwMDAwMDAwMDAsImRlbGV0ZSI6MTgwMDAwMDAwMDAwLCJ1cGRhdGUiOjE4MDAwMDAwMDAwMH19",
          "dependencies": [
            "yandex_vpc_network.network-1"
          ]
        }
      ]
    }
  ],
  "check_results": null
}
